
Microsoft Visual Studio Solution File, Format Version 12.00
# Visual Studio Version 17
VisualStudioVersion = 17.2.32516.85
MinimumVisualStudioVersion = 10.0.40219.1
Project("{FAE04EC0-301F-11D3-BF4B-00C04F79EFBC}") = "WindowsFormsApplication2", "WindowsFormsApplication2\WindowsFormsApplication2.csproj", "{BB7619F5-FA8C-4EF6-9DBD-95B9F2256FE8}"
EndProject
Global
	GlobalSection(SolutionConfigurationPlatforms) = preSolution
		CD_ROM|Any CPU = CD_ROM|Any CPU
		Debug|Any CPU = Debug|Any CPU
		DVD-5|Any CPU = DVD-5|Any CPU
		Release|Any CPU = Release|Any CPU
		SingleImage|Any CPU = SingleImage|Any CPU
	EndGlobalSection
	GlobalSection(ProjectConfigurationPlatforms) = postSolution
		{BB7619F5-FA8C-4EF6-9DBD-95B9F2256FE8}.CD_ROM|Any CPU.ActiveCfg = Release|Any CPU
		{BB7619F5-FA8C-4EF6-9DBD-95B9F2256FE8}.CD_ROM|Any CPU.Build.0 = Release|Any CPU
		{BB7619F5-FA8C-4EF6-9DBD-95B9F2256FE8}.Debug|Any CPU.ActiveCfg = Debug|Any CPU
		{BB7619F5-FA8C-4EF6-9DBD-95B9F2256FE8}.Debug|Any CPU.Build.0 = Debug|Any CPU
		{BB7619F5-FA8C-4EF6-9DBD-95B9F2256FE8}.DVD-5|Any CPU.ActiveCfg = Debug|Any CPU
		{BB7619F5-FA8C-4EF6-9DBD-95B9F2256FE8}.DVD-5|Any CPU.Build.0 = Debug|Any CPU
		{BB7619F5-FA8C-4EF6-9DBD-95B9F2256FE8}.Release|Any CPU.ActiveCfg = Release|Any CPU
		{BB7619F5-FA8C-4EF6-9DBD-95B9F2256FE8}.Release|Any CPU.Build.0 = Release|Any CPU
		{BB7619F5-FA8C-4EF6-9DBD-95B9F2256FE8}.SingleImage|Any CPU.ActiveCfg = Release|Any CPU
		{BB7619F5-FA8C-4EF6-9DBD-95B9F2256FE8}.SingleImage|Any CPU.Build.0 = Release|Any CPU
	EndGlobalSection
	GlobalSection(SolutionProperties) = preSolution
		HideSolutionNode = FALSE
	EndGlobalSection
	GlobalSection(ExtensibilityGlobals) = postSolution
		SolutionGuid = {EE7DAAAF-9C9D-4BDE-8DDA-F1900360856D}
	EndGlobalSection
EndGlobal
